// !$*UTF8*$!
{
	archiveVersion = 1;
	classes = {
	};
	objectVersion = 77;
	objects = {

/* Begin PBXContainerItemProxy section */
		31AEC3F02FBBCBFA00F54592 /* PBXContainerItemProxy */ = {
			isa = PBXContainerItemProxy;
			containerPortal = 31AEC3D82FBBCBF800F54592 /* Project object */;
			proxyType = 1;
			remoteGlobalIDString = 31AEC3DF2FBBCBF800F54592;
			remoteInfo = MLBEdgePro;
		};
		31AEC3FA2FBBCBFA00F54592 /* PBXContainerItemProxy */ = {
			isa = PBXContainerItemProxy;
			containerPortal = 31AEC3D82FBBCBF800F54592 /* Project object */;
			proxyType = 1;
			remoteGlobalIDString = 31AEC3DF2FBBCBF800F54592;
			remoteInfo = MLBEdgePro;
		};
/* End PBXContainerItemProxy section */

/* Begin PBXFileReference section */
		31AEC3E02FBBCBF800F54592 /* MLBEdgePro.app */ = {isa = PBXFileReference; explicitFileType = wrapper.application; includeInIndex = 0; path = MLBEdgePro.app; sourceTree = BUILT_PRODUCTS_DIR; };
		31AEC3EF2FBBCBFA00F54592 /* MLBEdgeProTests.xctest */ = {isa = PBXFileReference; explicitFileType = wrapper.cfbundle; includeInIndex = 0; path = MLBEdgeProTests.xctest; sourceTree = BUILT_PRODUCTS_DIR; };
		31AEC3F92FBBCBFA00F54592 /* MLBEdgeProUITests.xctest */ = {isa = PBXFileReference; explicitFileType = wrapper.cfbundle; includeInIndex = 0; path = MLBEdgeProUITests.xctest; sourceTree = BUILT_PRODUCTS_DIR; };
/* End PBXFileReference section */

/* Begin PBXFileSystemSynchronizedRootGroup section */
		31AEC3E22FBBCBF800F54592 /* MLBEdgePro */ = {
			isa = PBXFileSystemSynchronizedRootGroup;
			path = MLBEdgePro;
			sourceTree = "<group>";
		};
		31AEC3F22FBBCBFA00F54592 /* MLBEdgeProTests */ = {
			isa = PBXFileSystemSynchronizedRootGroup;
			path = MLBEdgeProTests;
			sourceTree = "<group>";
		};
		31AEC3FC2FBBCBFA00F54592 /* MLBEdgeProUITests */ = {
			isa = PBXFileSystemSynchronizedRootGroup;
			path = MLBEdgeProUITests;
			sourceTree = "<group>";
		};
/* End PBXFileSystemSynchronizedRootGroup section */

/* Begin PBXFrameworksBuildPhase section */
		31AEC3DD2FBBCBF800F54592 /* Frameworks */ = {
			isa = PBXFrameworksBuildPhase;
			buildActionMask = 2147483647;
			files = (
			);
			runOnlyForDeploymentPostprocessing = 0;
		};
		31AEC3EC2FBBCBFA00F54592 /* Frameworks */ = {
			isa = PBXFrameworksBuildPhase;
			buildActionMask = 2147483647;
			files = (
			);
			runOnlyForDeploymentPostprocessing = 0;
		};
		31AEC3F62FBBCBFA00F54592 /* Frameworks */ = {
			isa = PBXFrameworksBuildPhase;
			buildActionMask = 2147483647;
			files = (
			);
			runOnlyForDeploymentPostprocessing = 0;
		};
/* End PBXFrameworksBuildPhase section */

/* Begin PBXGroup section */
		31AEC3D72FBBCBF800F54592 = {
			isa = PBXGroup;
			children = (
				31AEC3E22FBBCBF800F54592 /* MLBEdgePro */,
				31AEC3F22FBBCBFA00F54592 /* MLBEdgeProTests */,
				31AEC3FC2FBBCBFA00F54592 /* MLBEdgeProUITests */,
				31AEC3E12FBBCBF800F54592 /* Products */,
			);
			sourceTree = "<group>";
		};
		31AEC3E12FBBCBF800F54592 /* Products */ = {
			isa = PBXGroup;
			children = (
				31AEC3E02FBBCBF800F54592 /* MLBEdgePro.app */,
				31AEC3EF2FBBCBFA00F54592 /* MLBEdgeProTests.xctest */,
				31AEC3F92FBBCBFA00F54592 /* MLBEdgeProUITests.xctest */,
			);
			name = Products;
			sourceTree = "<group>";
		};
/* End PBXGroup section */

/* Begin PBXNativeTarget section */
		31AEC3DF2FBBCBF800F54592 /* MLBEdgePro */ = {
			isa = PBXNativeTarget;
			buildConfigurationList = 31AEC4032FBBCBFA00F54592 /* Build configuration list for PBXNativeTarget "MLBEdgePro" */;
			buildPhases = (
				31AEC3DC2FBBCBF800F54592 /* Sources */,
				31AEC3DD2FBBCBF800F54592 /* Frameworks */,
				31AEC3DE2FBBCBF800F54592 /* Resources */,
			);
			buildRules = (
			);
			dependencies = (
			);
			fileSystemSynchronizedGroups = (
				31AEC3E22FBBCBF800F54592 /* MLBEdgePro */,
			);
			name = MLBEdgePro;
			packageProductDependencies = (
			);
			productName = MLBEdgePro;
			productReference = 31AEC3E02FBBCBF800F54592 /* MLBEdgePro.app */;
			productType = "com.apple.product-type.application";
		};
		31AEC3EE2FBBCBFA00F54592 /* MLBEdgeProTests */ = {
			isa = PBXNativeTarget;
			buildConfigurationList = 31AEC4062FBBCBFA00F54592 /* Build configuration list for PBXNativeTarget "MLBEdgeProTests" */;
			buildPhases = (
				31AEC3EB2FBBCBFA00F54592 /* Sources */,
				31AEC3EC2FBBCBFA00F54592 /* Frameworks */,
				31AEC3ED2FBBCBFA00F54592 /* Resources */,
			);
			buildRules = (
			);
			dependencies = (
				31AEC3F12FBBCBFA00F54592 /* PBXTargetDependency */,
			);
			fileSystemSynchronizedGroups = (
				31AEC3F22FBBCBFA00F54592 /* MLBEdgeProTests */,
			);
			name = MLBEdgeProTests;
			packageProductDependencies = (
			);
			productName = MLBEdgeProTests;
			productReference = 31AEC3EF2FBBCBFA00F54592 /* MLBEdgeProTests.xctest */;
			productType = "com.apple.product-type.bundle.unit-test";
		};
		31AEC3F82FBBCBFA00F54592 /* MLBEdgeProUITests */ = {
			isa = PBXNativeTarget;
			buildConfigurationList = 31AEC4092FBBCBFA00F54592 /* Build configuration list for PBXNativeTarget "MLBEdgeProUITests" */;
			buildPhases = (
				31AEC3F52FBBCBFA00F54592 /* Sources */,
				31AEC3F62FBBCBFA00F54592 /* Frameworks */,
				31AEC3F72FBBCBFA00F54592 /* Resources */,
			);
			buildRules = (
			);
			dependencies = (
				31AEC3FB2FBBCBFA00F54592 /* PBXTargetDependency */,
			);
			fileSystemSynchronizedGroups = (
				31AEC3FC2FBBCBFA00F54592 /* MLBEdgeProUITests */,
			);
			name = MLBEdgeProUITests;
			packageProductDependencies = (
			);
			productName = MLBEdgeProUITests;
			productReference = 31AEC3F92FBBCBFA00F54592 /* MLBEdgeProUITests.xctest */;
			productType = "com.apple.product-type.bundle.ui-testing";
		};
/* End PBXNativeTarget section */

/* Begin PBXProject section */
		31AEC3D82FBBCBF800F54592 /* Project object */ = {
			isa = PBXProject;
			attributes = {
				BuildIndependentTargetsInParallel = 1;
				LastSwiftUpdateCheck = 2650;
				LastUpgradeCheck = 2650;
				TargetAttributes = {
					31AEC3DF2FBBCBF800F54592 = {
						CreatedOnToolsVersion = 26.5;
					};
					31AEC3EE2FBBCBFA00F54592 = {
						CreatedOnToolsVersion = 26.5;
						TestTargetID = 31AEC3DF2FBBCBF800F54592;
					};
					31AEC3F82FBBCBFA00F54592 = {
						CreatedOnToolsVersion = 26.5;
						TestTargetID = 31AEC3DF2FBBCBF800F54592;
					};
				};
			};
			buildConfigurationList = 31AEC3DB2FBBCBF800F54592 /* Build configuration list for PBXProject "MLBEdgePro" */;
			developmentRegion = en;
			hasScannedForEncodings = 0;
			knownRegions = (
				en,
				Base,
			);
			mainGroup = 31AEC3D72FBBCBF800F54592;
			minimizedProjectReferenceProxies = 1;
			preferredProjectObjectVersion = 77;
			productRefGroup = 31AEC3E12FBBCBF800F54592 /* Products */;
			projectDirPath = "";
			projectRoot = "";
			targets = (
				31AEC3DF2FBBCBF800F54592 /* MLBEdgePro */,
				31AEC3EE2FBBCBFA00F54592 /* MLBEdgeProTests */,
				31AEC3F82FBBCBFA00F54592 /* MLBEdgeProUITests */,
			);
		};
/* End PBXProject section */

/* Begin PBXResourcesBuildPhase section */
		31AEC3DE2FBBCBF800F54592 /* Resources */ = {
			isa = PBXResourcesBuildPhase;
			buildActionMask = 2147483647;
			files = (
			);
			runOnlyForDeploymentPostprocessing = 0;
		};
		31AEC3ED2FBBCBFA00F54592 /* Resources */ = {
			isa = PBXResourcesBuildPhase;
			buildActionMask = 2147483647;
			files = (
			);
			runOnlyForDeploymentPostprocessing = 0;
		};
		31AEC3F72FBBCBFA00F54592 /* Resources */ = {
			isa = PBXResourcesBuildPhase;
			buildActionMask = 2147483647;
			files = (
			);
			runOnlyForDeploymentPostprocessing = 0;
		};
/* End PBXResourcesBuildPhase section */

/* Begin PBXSourcesBuildPhase section */
		31AEC3DC2FBBCBF800F54592 /* Sources */ = {
			isa = PBXSourcesBuildPhase;
			buildActionMask = 2147483647;
			files = (
			);
			runOnlyForDeploymentPostprocessing = 0;
		};
		31AEC3EB2FBBCBFA00F54592 /* Sources */ = {
			isa = PBXSourcesBuildPhase;
			buildActionMask = 2147483647;
			files = (
			);
			runOnlyForDeploymentPostprocessing = 0;
		};
		31AEC3F52FBBCBFA00F54592 /* Sources */ = {
			isa = PBXSourcesBuildPhase;
			buildActionMask = 2147483647;
			files = (
			);
			runOnlyForDeploymentPostprocessing = 0;
		};
/* End PBXSourcesBuildPhase section */

/* Begin PBXTargetDependency section */
		31AEC3F12FBBCBFA00F54592 /* PBXTargetDependency */ = {
			isa = PBXTargetDependency;
			target = 31AEC3DF2FBBCBF800F54592 /* MLBEdgePro */;
			targetProxy = 31AEC3F02FBBCBFA00F54592 /* PBXContainerItemProxy */;
		};
		31AEC3FB2FBBCBFA00F54592 /* PBXTargetDependency */ = {
			isa = PBXTargetDependency;
			target = 31AEC3DF2FBBCBF800F54592 /* MLBEdgePro */;
			targetProxy = 31AEC3FA2FBBCBFA00F54592 /* PBXContainerItemProxy */;
		};
/* End PBXTargetDependency section */

/* Begin XCBuildConfiguration section */
		31AEC4012FBBCBFA00F54592 /* Debug */ = {
			isa = XCBuildConfiguration;
			buildSettings = {
				ALWAYS_SEARCH_USER_PATHS = NO;
				ASSETCATALOG_COMPILER_GENERATE_SWIFT_ASSET_SYMBOL_EXTENSIONS = YES;
				CLANG_ANALYZER_NONNULL = YES;
				CLANG_ANALYZER_NUMBER_OBJECT_CONVERSION = YES_AGGRESSIVE;
				CLANG_CXX_LANGUAGE_STANDARD = "gnu++20";
				CLANG_ENABLE_MODULES = YES;
				CLANG_ENABLE_OBJC_ARC = YES;
				CLANG_ENABLE_OBJC_WEAK = YES;
				CLANG_WARN_BLOCK_CAPTURE_AUTORELEASING = YES;
				CLANG_WARN_BOOL_CONVERSION = YES;
				CLANG_WARN_COMMA = YES;
				CLANG_WARN_CONSTANT_CONVERSION = YES;
				CLANG_WARN_DEPRECATED_OBJC_IMPLEMENTATIONS = YES;
				CLANG_WARN_DIRECT_OBJC_ISA_USAGE = YES_ERROR;
				CLANG_WARN_DOCUMENTATION_COMMENTS = YES;
				CLANG_WARN_EMPTY_BODY = YES;
				CLANG_WARN_ENUM_CONVERSION = YES;
				CLANG_WARN_INFINITE_RECURSION = YES;
				CLANG_WARN_INT_CONVERSION = YES;
				CLANG_WARN_NON_LITERAL_NULL_CONVERSION = YES;
				CLANG_WARN_OBJC_IMPLICIT_RETAIN_SELF = YES;
				CLANG_WARN_OBJC_LITERAL_CONVERSION = YES;
				CLANG_WARN_OBJC_ROOT_CLASS = YES_ERROR;
				CLANG_WARN_QUOTED_INCLUDE_IN_FRAMEWORK_HEADER = YES;
				CLANG_WARN_RANGE_LOOP_ANALYSIS = YES;
				CLANG_WARN_STRICT_PROTOTYPES = YES;
				CLANG_WARN_SUSPICIOUS_MOVE = YES;
				CLANG_WARN_UNGUARDED_AVAILABILITY = YES_AGGRESSIVE;
				CLANG_WARN_UNREACHABLE_CODE = YES;
				CLANG_WARN__DUPLICATE_METHOD_MATCH = YES;
				COPY_PHASE_STRIP = NO;
				DEBUG_INFORMATION_FORMAT = dwarf;
				DEVELOPMENT_TEAM = 2B284RSR9C;
				ENABLE_STRICT_OBJC_MSGSEND = YES;
				ENABLE_TESTABILITY = YES;
				ENABLE_USER_SCRIPT_SANDBOXING = YES;
				GCC_C_LANGUAGE_STANDARD = gnu17;
				GCC_DYNAMIC_NO_PIC = NO;
				GCC_NO_COMMON_BLOCKS = YES;
				GCC_OPTIMIZATION_LEVEL = 0;
				GCC_PREPROCESSOR_DEFINITIONS = (
					"DEBUG=1",
					"$(inherited)",
				);
				GCC_WARN_64_TO_32_BIT_CONVERSION = YES;
				GCC_WARN_ABOUT_RETURN_TYPE = YES_ERROR;
				GCC_WARN_UNDECLARED_SELECTOR = YES;
				GCC_WARN_UNINITIALIZED_AUTOS = YES_AGGRESSIVE;
				GCC_WARN_UNUSED_FUNCTION = YES;
				GCC_WARN_UNUSED_VARIABLE = YES;
				IPHONEOS_DEPLOYMENT_TARGET = 26.5;
				LOCALIZATION_PREFERS_STRING_CATALOGS = YES;
				MTL_ENABLE_DEBUG_INFO = INCLUDE_SOURCE;
				MTL_FAST_MATH = YES;
				ONLY_ACTIVE_ARCH = YES;
				SDKROOT = iphoneos;
				SWIFT_ACTIVE_COMPILATION_CONDITIONS = "DEBUG $(inherited)";
				SWIFT_OPTIMIZATION_LEVEL = "-Onone";
			};
			name = Debug;
		};
		31AEC4022FBBCBFA00F54592 /* Release */ = {
			isa = XCBuildConfiguration;
			buildSettings = {
				ALWAYS_SEARCH_USER_PATHS = NO;
				ASSETCATALOG_COMPILER_GENERATE_SWIFT_ASSET_SYMBOL_EXTENSIONS = YES;
				CLANG_ANALYZER_NONNULL = YES;
				CLANG_ANALYZER_NUMBER_OBJECT_CONVERSION = YES_AGGRESSIVE;
				CLANG_CXX_LANGUAGE_STANDARD = "gnu++20";
				CLANG_ENABLE_MODULES = YES;
				CLANG_ENABLE_OBJC_ARC = YES;
				CLANG_ENABLE_OBJC_WEAK = YES;
				CLANG_WARN_BLOCK_CAPTURE_AUTORELEASING = YES;
				CLANG_WARN_BOOL_CONVERSION = YES;
				CLANG_WARN_COMMA = YES;
				CLANG_WARN_CONSTANT_CONVERSION = YES;
				CLANG_WARN_DEPRECATED_OBJC_IMPLEMENTATIONS = YES;
				CLANG_WARN_DIRECT_OBJC_ISA_USAGE = YES_ERROR;
				CLANG_WARN_DOCUMENTATION_COMMENTS = YES;
				CLANG_WARN_EMPTY_BODY = YES;
				CLANG_WARN_ENUM_CONVERSION = YES;
				CLANG_WARN_INFINITE_RECURSION = YES;
				CLANG_WARN_INT_CONVERSION = YES;
				CLANG_WARN_NON_LITERAL_NULL_CONVERSION = YES;
				CLANG_WARN_OBJC_IMPLICIT_RETAIN_SELF = YES;
				CLANG_WARN_OBJC_LITERAL_CONVERSION = YES;
				CLANG_WARN_OBJC_ROOT_CLASS = YES_ERROR;
				CLANG_WARN_QUOTED_INCLUDE_IN_FRAMEWORK_HEADER = YES;
				CLANG_WARN_RANGE_LOOP_ANALYSIS = YES;
				CLANG_WARN_STRICT_PROTOTYPES = YES;
				CLANG_WARN_SUSPICIOUS_MOVE = YES;
				CLANG_WARN_UNGUARDED_AVAILABILITY = YES_AGGRESSIVE;
				CLANG_WARN_UNREACHABLE_CODE = YES;
				CLANG_WARN__DUPLICATE_METHOD_MATCH = YES;
				COPY_PHASE_STRIP = NO;
				DEBUG_INFORMATION_FORMAT = "dwarf-with-dsym";
				DEVELOPMENT_TEAM = 2B284RSR9C;
				ENABLE_NS_ASSERTIONS = NO;
				ENABLE_STRICT_OBJC_MSGSEND = YES;
				ENABLE_USER_SCRIPT_SANDBOXING = YES;
				GCC_C_LANGUAGE_STANDARD = gnu17;
				GCC_NO_COMMON_BLOCKS = YES;
				GCC_WARN_64_TO_32_BIT_CONVERSION = YES;
				GCC_WARN_ABOUT_RETURN_TYPE = YES_ERROR;
				GCC_WARN_UNDECLARED_SELECTOR = YES;
				GCC_WARN_UNINITIALIZED_AUTOS = YES_AGGRESSIVE;
				GCC_WARN_UNUSED_FUNCTION = YES;
				GCC_WARN_UNUSED_VARIABLE = YES;
				IPHONEOS_DEPLOYMENT_TARGET = 26.5;
				LOCALIZATION_PREFERS_STRING_CATALOGS = YES;
				MTL_ENABLE_DEBUG_INFO = NO;
				MTL_FAST_MATH = YES;
				SDKROOT = iphoneos;
				SWIFT_COMPILATION_MODE = wholemodule;
				VALIDATE_PRODUCT = YES;
			};
			name = Release;
		};
		31AEC4042FBBCBFA00F54592 /* Debug */ = {
			isa = XCBuildConfiguration;
			buildSettings = {
				ASSETCATALOG_COMPILER_APPICON_NAME = AppIcon;
				ASSETCATALOG_COMPILER_GLOBAL_ACCENT_COLOR_NAME = AccentColor;
				CODE_SIGN_STYLE = Automatic;
				CURRENT_PROJECT_VERSION = 1;
				DEVELOPMENT_TEAM = 2B284RSR9C;
				ENABLE_PREVIEWS = YES;
				GENERATE_INFOPLIST_FILE = YES;
				INFOPLIST_KEY_UIApplicationSceneManifest_Generation = YES;
				INFOPLIST_KEY_UIApplicationSupportsIndirectInputEvents = YES;
				INFOPLIST_KEY_UILaunchScreen_Generation = YES;
				INFOPLIST_KEY_UISupportedInterfaceOrientations_iPad = "UIInterfaceOrientationPortrait UIInterfaceOrientationPortraitUpsideDown UIInterfaceOrientationLandscapeLeft UIInterfaceOrientationLandscapeRight";
				INFOPLIST_KEY_UISupportedInterfaceOrientations_iPhone = "UIInterfaceOrientationPortrait UIInterfaceOrientationLandscapeLeft UIInterfaceOrientationLandscapeRight";
				LD_RUNPATH_SEARCH_PATHS = (
					"$(inherited)",
					"@executable_path/Frameworks",
				);
				MARKETING_VERSION = 1.0;
				PRODUCT_BUNDLE_IDENTIFIER = visuxlize.MLBEdgePro;
				PRODUCT_NAME = "$(TARGET_NAME)";
				STRING_CATALOG_GENERATE_SYMBOLS = YES;
				SWIFT_APPROACHABLE_CONCURRENCY = YES;
				SWIFT_DEFAULT_ACTOR_ISOLATION = MainActor;
				SWIFT_EMIT_LOC_STRINGS = YES;
				SWIFT_UPCOMING_FEATURE_MEMBER_IMPORT_VISIBILITY = YES;
				SWIFT_VERSION = 5.0;
				TARGETED_DEVICE_FAMILY = "1,2";
			};
			name = Debug;
		};
		31AEC4052FBBCBFA00F54592 /* Release */ = {
			isa = XCBuildConfiguration;
			buildSettings = {
				ASSETCATALOG_COMPILER_APPICON_NAME = AppIcon;
				ASSETCATALOG_COMPILER_GLOBAL_ACCENT_COLOR_NAME = AccentColor;
				CODE_SIGN_STYLE = Automatic;
				CURRENT_PROJECT_VERSION = 1;
				DEVELOPMENT_TEAM = 2B284RSR9C;
				ENABLE_PREVIEWS = YES;
				GENERATE_INFOPLIST_FILE = YES;
				INFOPLIST_KEY_UIApplicationSceneManifest_Generation = YES;
				INFOPLIST_KEY_UIApplicationSupportsIndirectInputEvents = YES;
				INFOPLIST_KEY_UILaunchScreen_Generation = YES;
				INFOPLIST_KEY_UISupportedInterfaceOrientations_iPad = "UIInterfaceOrientationPortrait UIInterfaceOrientationPortraitUpsideDown UIInterfaceOrientationLandscapeLeft UIInterfaceOrientationLandscapeRight";
				INFOPLIST_KEY_UISupportedInterfaceOrientations_iPhone = "UIInterfaceOrientationPortrait UIInterfaceOrientationLandscapeLeft UIInterfaceOrientationLandscapeRight";
				LD_RUNPATH_SEARCH_PATHS = (
					"$(inherited)",
					"@executable_path/Frameworks",
				);
				MARKETING_VERSION = 1.0;
				PRODUCT_BUNDLE_IDENTIFIER = visuxlize.MLBEdgePro;
				PRODUCT_NAME = "$(TARGET_NAME)";
				STRING_CATALOG_GENERATE_SYMBOLS = YES;
				SWIFT_APPROACHABLE_CONCURRENCY = YES;
				SWIFT_DEFAULT_ACTOR_ISOLATION = MainActor;
				SWIFT_EMIT_LOC_STRINGS = YES;
				SWIFT_UPCOMING_FEATURE_MEMBER_IMPORT_VISIBILITY = YES;
				SWIFT_VERSION = 5.0;
				TARGETED_DEVICE_FAMILY = "1,2";
			};
			name = Release;
		};
		31AEC4072FBBCBFA00F54592 /* Debug */ = {
			isa = XCBuildConfiguration;
			buildSettings = {
				BUNDLE_LOADER = "$(TEST_HOST)";
				CODE_SIGN_STYLE = Automatic;
				CURRENT_PROJECT_VERSION = 1;
				DEVELOPMENT_TEAM = 2B284RSR9C;
				GENERATE_INFOPLIST_FILE = YES;
				IPHONEOS_DEPLOYMENT_TARGET = 26.5;
				MARKETING_VERSION = 1.0;
				PRODUCT_BUNDLE_IDENTIFIER = visuxlize.MLBEdgeProTests;
				PRODUCT_NAME = "$(TARGET_NAME)";
				STRING_CATALOG_GENERATE_SYMBOLS = NO;
				SWIFT_APPROACHABLE_CONCURRENCY = YES;
				SWIFT_EMIT_LOC_STRINGS = NO;
				SWIFT_UPCOMING_FEATURE_MEMBER_IMPORT_VISIBILITY = YES;
				SWIFT_VERSION = 5.0;
				TARGETED_DEVICE_FAMILY = "1,2";
				TEST_HOST = "$(BUILT_PRODUCTS_DIR)/MLBEdgePro.app/$(BUNDLE_EXECUTABLE_FOLDER_PATH)/MLBEdgePro";
			};
			name = Debug;
		};
		31AEC4082FBBCBFA00F54592 /* Release */ = {
			isa = XCBuildConfiguration;
			buildSettings = {
				BUNDLE_LOADER = "$(TEST_HOST)";
				CODE_SIGN_STYLE = Automatic;
				CURRENT_PROJECT_VERSION = 1;
				DEVELOPMENT_TEAM = 2B284RSR9C;
				GENERATE_INFOPLIST_FILE = YES;
				IPHONEOS_DEPLOYMENT_TARGET = 26.5;
				MARKETING_VERSION = 1.0;
				PRODUCT_BUNDLE_IDENTIFIER = visuxlize.MLBEdgeProTests;
				PRODUCT_NAME = "$(TARGET_NAME)";
				STRING_CATALOG_GENERATE_SYMBOLS = NO;
				SWIFT_APPROACHABLE_CONCURRENCY = YES;
				SWIFT_EMIT_LOC_STRINGS = NO;
				SWIFT_UPCOMING_FEATURE_MEMBER_IMPORT_VISIBILITY = YES;
				SWIFT_VERSION = 5.0;
				TARGETED_DEVICE_FAMILY = "1,2";
				TEST_HOST = "$(BUILT_PRODUCTS_DIR)/MLBEdgePro.app/$(BUNDLE_EXECUTABLE_FOLDER_PATH)/MLBEdgePro";
			};
			name = Release;
		};
		31AEC40A2FBBCBFA00F54592 /* Debug */ = {
			isa = XCBuildConfiguration;
			buildSettings = {
				CODE_SIGN_STYLE = Automatic;
				CURRENT_PROJECT_VERSION = 1;
				DEVELOPMENT_TEAM = 2B284RSR9C;
				GENERATE_INFOPLIST_FILE = YES;
				MARKETING_VERSION = 1.0;
				PRODUCT_BUNDLE_IDENTIFIER = visuxlize.MLBEdgeProUITests;
				PRODUCT_NAME = "$(TARGET_NAME)";
				STRING_CATALOG_GENERATE_SYMBOLS = NO;
				SWIFT_APPROACHABLE_CONCURRENCY = YES;
				SWIFT_EMIT_LOC_STRINGS = NO;
				SWIFT_UPCOMING_FEATURE_MEMBER_IMPORT_VISIBILITY = YES;
				SWIFT_VERSION = 5.0;
				TARGETED_DEVICE_FAMILY = "1,2";
				TEST_TARGET_NAME = MLBEdgePro;
			};
			name = Debug;
		};
		31AEC40B2FBBCBFA00F54592 /* Release */ = {
			isa = XCBuildConfiguration;
			buildSettings = {
				CODE_SIGN_STYLE = Automatic;
				CURRENT_PROJECT_VERSION = 1;
				DEVELOPMENT_TEAM = 2B284RSR9C;
				GENERATE_INFOPLIST_FILE = YES;
				MARKETING_VERSION = 1.0;
				PRODUCT_BUNDLE_IDENTIFIER = visuxlize.MLBEdgeProUITests;
				PRODUCT_NAME = "$(TARGET_NAME)";
				STRING_CATALOG_GENERATE_SYMBOLS = NO;
				SWIFT_APPROACHABLE_CONCURRENCY = YES;
				SWIFT_EMIT_LOC_STRINGS = NO;
				SWIFT_UPCOMING_FEATURE_MEMBER_IMPORT_VISIBILITY = YES;
				SWIFT_VERSION = 5.0;
				TARGETED_DEVICE_FAMILY = "1,2";
				TEST_TARGET_NAME = MLBEdgePro;
			};
			name = Release;
		};
/* End XCBuildConfiguration section */

/* Begin XCConfigurationList section */
		31AEC3DB2FBBCBF800F54592 /* Build configuration list for PBXProject "MLBEdgePro" */ = {
			isa = XCConfigurationList;
			buildConfigurations = (
				31AEC4012FBBCBFA00F54592 /* Debug */,
				31AEC4022FBBCBFA00F54592 /* Release */,
			);
			defaultConfigurationIsVisible = 0;
			defaultConfigurationName = Release;
		};
		31AEC4032FBBCBFA00F54592 /* Build configuration list for PBXNativeTarget "MLBEdgePro" */ = {
			isa = XCConfigurationList;
			buildConfigurations = (
				31AEC4042FBBCBFA00F54592 /* Debug */,
				31AEC4052FBBCBFA00F54592 /* Release */,
			);
			defaultConfigurationIsVisible = 0;
			defaultConfigurationName = Release;
		};
		31AEC4062FBBCBFA00F54592 /* Build configuration list for PBXNativeTarget "MLBEdgeProTests" */ = {
			isa = XCConfigurationList;
			buildConfigurations = (
				31AEC4072FBBCBFA00F54592 /* Debug */,
				31AEC4082FBBCBFA00F54592 /* Release */,
			);
			defaultConfigurationIsVisible = 0;
			defaultConfigurationName = Release;
		};
		31AEC4092FBBCBFA00F54592 /* Build configuration list for PBXNativeTarget "MLBEdgeProUITests" */ = {
			isa = XCConfigurationList;
			buildConfigurations = (
				31AEC40A2FBBCBFA00F54592 /* Debug */,
				31AEC40B2FBBCBFA00F54592 /* Release */,
			);
			defaultConfigurationIsVisible = 0;
			defaultConfigurationName = Release;
		};
/* End XCConfigurationList section */
	};
	rootObject = 31AEC3D82FBBCBF800F54592 /* Project object */;
}
